
Microsoft Visual Studio Solution File, Format Version 12.00
# Visual Studio Version 17
VisualStudioVersion = 17.11.35208.52
MinimumVisualStudioVersion = 10.0.40219.1
Project("{FAE04EC0-301F-11D3-BF4B-00C04F79EFBC}") = "Practico 4 (C#)", "Practico 4 (C#)\Practico 4 (C#).csproj", "{01BCD39A-F30A-4C90-867F-512C5F2C80F4}"
EndProject
Global
	GlobalSection(SolutionConfigurationPlatforms) = preSolution
		Debug|Any CPU = Debug|Any CPU
		Release|Any CPU = Release|Any CPU
	EndGlobalSection
	GlobalSection(ProjectConfigurationPlatforms) = postSolution
		{01BCD39A-F30A-4C90-867F-512C5F2C80F4}.Debug|Any CPU.ActiveCfg = Debug|Any CPU
		{01BCD39A-F30A-4C90-867F-512C5F2C80F4}.Debug|Any CPU.Build.0 = Debug|Any CPU
		{01BCD39A-F30A-4C90-867F-512C5F2C80F4}.Release|Any CPU.ActiveCfg = Release|Any CPU
		{01BCD39A-F30A-4C90-867F-512C5F2C80F4}.Release|Any CPU.Build.0 = Release|Any CPU
	EndGlobalSection
	GlobalSection(SolutionProperties) = preSolution
		HideSolutionNode = FALSE
	EndGlobalSection
	GlobalSection(ExtensibilityGlobals) = postSolution
		SolutionGuid = {860B1B51-F835-4FF5-BF01-1FEE12448558}
	EndGlobalSection
EndGlobal
